
Microsoft Visual Studio Solution File, Format Version 12.00
# Visual Studio 15
VisualStudioVersion = 15.0.26430.16
MinimumVisualStudioVersion = 10.0.40219.1
Project("{FAE04EC0-301F-11D3-BF4B-00C04F79EFBC}") = "TreeDataGrid_Warehouse", "TreeDataGrid_Warehouse\TreeDataGrid_Warehouse.csproj", "{51FA9E93-42C4-47B6-9436-F390898579B3}"
EndProject
Global
	GlobalSection(SolutionConfigurationPlatforms) = preSolution
		Debug|Any CPU = Debug|Any CPU
		Release|Any CPU = Release|Any CPU
	EndGlobalSection
	GlobalSection(ProjectConfigurationPlatforms) = postSolution
		{51FA9E93-42C4-47B6-9436-F390898579B3}.Debug|Any CPU.ActiveCfg = Debug|Any CPU
		{51FA9E93-42C4-47B6-9436-F390898579B3}.Debug|Any CPU.Build.0 = Debug|Any CPU
		{51FA9E93-42C4-47B6-9436-F390898579B3}.Release|Any CPU.ActiveCfg = Release|Any CPU
		{51FA9E93-42C4-47B6-9436-F390898579B3}.Release|Any CPU.Build.0 = Release|Any CPU
	EndGlobalSection
	GlobalSection(SolutionProperties) = preSolution
		HideSolutionNode = FALSE
	EndGlobalSection
EndGlobal
